<?xml version="1.0" encoding="UTF-8" standalone="yes" ?>
<CodeBlocks_project_file>
	<FileVersion major="1" minor="6" />
	<Project>
		<Option title="Game" />
		<Option pch_mode="2" />
		<Option compiler="gcc" />
		<Build>
			<Target title="Debug">
				<Option output="bin\Debug\Game" prefix_auto="1" extension_auto="1" />
				<Option working_dir="bin\Debug" />
				<Option object_output="obj\Debug\" />
				<Option type="1" />
				<Option compiler="gcc" />
				<Compiler>
					<Add option="-g" />
				</Compiler>
			</Target>
			<Target title="Release">
				<Option output="bin\Release\Game" prefix_auto="1" extension_auto="1" />
				<Option working_dir="C:\Program Files\CodeBlocks\MinGW\bin" />
				<Option object_output="obj\Release\" />
				<Option type="0" />
				<Option compiler="gcc" />
				<Compiler>
					<Add option="-O2" />
				</Compiler>
				<Linker>
					<Add option="-s" />
				</Linker>
			</Target>
		</Build>
		<Compiler>
			<Add option="-Wall" />
			<Add directory="C:\Program Files\CodeBlocks\MinGW\include" />
		</Compiler>
		<Linker>
			<Add library="glut32" />
			<Add library="opengl32" />
			<Add library="glu32" />
			<Add library="winmm" />
			<Add library="gdi32" />
			<Add directory="C:\Program Files\CodeBlocks\MinGW\lib" />
		</Linker>
		<Unit filename="Enemy.cpp" />
		<Unit filename="Enemy.h" />
		<Unit filename="FinalEntity.cpp" />
		<Unit filename="FinalEntity.h" />
		<Unit filename="GLee.c">
			<Option compilerVar="CC" />
		</Unit>
		<Unit filename="GLee.h" />
		<Unit filename="GameWorld.cpp" />
		<Unit filename="GameWorld.h" />
		<Unit filename="General3dModel.cpp" />
		<Unit filename="General3dModel.h" />
		<Unit filename="GrafObj.cpp" />
		<Unit filename="GrafObj.h" />
		<Unit filename="Hero.cpp" />
		<Unit filename="Hero.h" />
		<Unit filename="Item.cpp" />
		<Unit filename="Item.h" />
		<Unit filename="Lights.cpp" />
		<Unit filename="Lights.h" />
		<Unit filename="Material.cpp" />
		<Unit filename="Material.h" />
		<Unit filename="Menu.cpp" />
		<Unit filename="Menu.h" />
		<Unit filename="Model3ds.cpp" />
		<Unit filename="Model3ds.h" />
		<Unit filename="Mount.cpp" />
		<Unit filename="Mount.h" />
		<Unit filename="RuneStone.cpp" />
		<Unit filename="RuneStone.h" />
		<Unit filename="Scene.cpp" />
		<Unit filename="Scene.h" />
		<Unit filename="Terrain.cpp" />
		<Unit filename="Terrain.h" />
		<Unit filename="Tree.cpp" />
		<Unit filename="Tree.h" />
		<Unit filename="Vertex.h" />
		<Unit filename="Vertex2D.h" />
		<Unit filename="Wall.cpp" />
		<Unit filename="Wall.h" />
		<Unit filename="Weapon.cpp" />
		<Unit filename="Weapon.h" />
		<Unit filename="main.cpp" />
		<Unit filename="targa.cpp" />
		<Unit filename="targa.h" />
		<Extensions>
			<code_completion />
			<debugger />
		</Extensions>
	</Project>
</CodeBlocks_project_file>
